
Microsoft Visual Studio Solution File, Format Version 12.00
# Visual Studio Version 17
VisualStudioVersion = 17.2.32630.192
MinimumVisualStudioVersion = 10.0.40219.1
Project("{FAE04EC0-301F-11D3-BF4B-00C04F79EFBC}") = "ProjekatRVA", "ProjekatRVA.csproj", "{79753264-D5CE-4EDE-AF14-CEE2C6F84BAC}"
EndProject
Global
	GlobalSection(SolutionConfigurationPlatforms) = preSolution
		Debug|Any CPU = Debug|Any CPU
		Release|Any CPU = Release|Any CPU
	EndGlobalSection
	GlobalSection(ProjectConfigurationPlatforms) = postSolution
		{79753264-D5CE-4EDE-AF14-CEE2C6F84BAC}.Debug|Any CPU.ActiveCfg = Debug|Any CPU
		{79753264-D5CE-4EDE-AF14-CEE2C6F84BAC}.Debug|Any CPU.Build.0 = Debug|Any CPU
		{79753264-D5CE-4EDE-AF14-CEE2C6F84BAC}.Release|Any CPU.ActiveCfg = Release|Any CPU
		{79753264-D5CE-4EDE-AF14-CEE2C6F84BAC}.Release|Any CPU.Build.0 = Release|Any CPU
	EndGlobalSection
	GlobalSection(SolutionProperties) = preSolution
		HideSolutionNode = FALSE
	EndGlobalSection
	GlobalSection(ExtensibilityGlobals) = postSolution
		SolutionGuid = {4DF22C07-8A3B-47A2-B865-E22B7B832FE6}
	EndGlobalSection
EndGlobal
